
Microsoft Visual Studio Solution File, Format Version 12.00
Project("{FAE04EC0-301F-11D3-BF4B-00C04F79EFBC}") = "VanillaFurnitureExpandedCellDoorsPatch", "VanillaFurnitureExpandedCellDoorsPatch\VanillaFurnitureExpandedCellDoorsPatch.csproj", "{8EF975D5-0A64-4D7F-A880-0ABDCF5B5E66}"
EndProject
Global
	GlobalSection(SolutionConfigurationPlatforms) = preSolution
		Debug|Any CPU = Debug|Any CPU
		Release|Any CPU = Release|Any CPU
	EndGlobalSection
	GlobalSection(ProjectConfigurationPlatforms) = postSolution
		{8EF975D5-0A64-4D7F-A880-0ABDCF5B5E66}.Debug|Any CPU.ActiveCfg = Debug|Any CPU
		{8EF975D5-0A64-4D7F-A880-0ABDCF5B5E66}.Debug|Any CPU.Build.0 = Debug|Any CPU
		{8EF975D5-0A64-4D7F-A880-0ABDCF5B5E66}.Release|Any CPU.ActiveCfg = Release|Any CPU
		{8EF975D5-0A64-4D7F-A880-0ABDCF5B5E66}.Release|Any CPU.Build.0 = Release|Any CPU
	EndGlobalSection
EndGlobal
